
Microsoft Visual Studio Solution File, Format Version 12.00
Project("{2150E333-8FDC-42A3-9474-1A3956D46DE8}") = "src", "src", "{3DD167A5-51FA-4BC6-8078-A39759F5CF37}"
EndProject
Project("{FAE04EC0-301F-11D3-BF4B-00C04F79EFBC}") = "IdempotentApiDemo.API", "src\IdempotentApiDemo.API\IdempotentApiDemo.API.csproj", "{B2837BAB-8DE9-4053-B5C1-2D7F06936E1C}"
EndProject
Global
	GlobalSection(SolutionConfigurationPlatforms) = preSolution
		Debug|Any CPU = Debug|Any CPU
		Release|Any CPU = Release|Any CPU
	EndGlobalSection
	GlobalSection(NestedProjects) = preSolution
		{B2837BAB-8DE9-4053-B5C1-2D7F06936E1C} = {3DD167A5-51FA-4BC6-8078-A39759F5CF37}
	EndGlobalSection
	GlobalSection(ProjectConfigurationPlatforms) = postSolution
		{B2837BAB-8DE9-4053-B5C1-2D7F06936E1C}.Debug|Any CPU.ActiveCfg = Debug|Any CPU
		{B2837BAB-8DE9-4053-B5C1-2D7F06936E1C}.Debug|Any CPU.Build.0 = Debug|Any CPU
		{B2837BAB-8DE9-4053-B5C1-2D7F06936E1C}.Release|Any CPU.ActiveCfg = Release|Any CPU
		{B2837BAB-8DE9-4053-B5C1-2D7F06936E1C}.Release|Any CPU.Build.0 = Release|Any CPU
	EndGlobalSection
EndGlobal
